
Microsoft Visual Studio Solution File, Format Version 12.00
# Visual Studio Version 17
Project("{2150E333-8FDC-42A3-9474-1A3956D46DE8}") = "CMakePredefinedTargets", "CMakePredefinedTargets", "{A1A93615-8280-3156-B4DE-2D8F0C245194}"
EndProject
Project("{8BC9CEB8-8B4A-11D0-8D11-00A0C91BC942}") = "class1", "class1.vcxproj", "{C1DAF51F-E1F3-3EDD-BD3B-33A911B6A76E}"
	ProjectSection(ProjectDependencies) = postProject
		{6134A1B6-D126-326D-82E2-2E7AE80D64BE} = {6134A1B6-D126-326D-82E2-2E7AE80D64BE}
	EndProjectSection
EndProject
Project("{8BC9CEB8-8B4A-11D0-8D11-00A0C91BC942}") = "ALL_BUILD", "ALL_BUILD.vcxproj", "{356793CB-5C77-383D-BF97-773DB9E9AA61}"
	ProjectSection(ProjectDependencies) = postProject
		{6134A1B6-D126-326D-82E2-2E7AE80D64BE} = {6134A1B6-D126-326D-82E2-2E7AE80D64BE}
		{C1DAF51F-E1F3-3EDD-BD3B-33A911B6A76E} = {C1DAF51F-E1F3-3EDD-BD3B-33A911B6A76E}
	EndProjectSection
EndProject
Project("{8BC9CEB8-8B4A-11D0-8D11-00A0C91BC942}") = "ZERO_CHECK", "ZERO_CHECK.vcxproj", "{6134A1B6-D126-326D-82E2-2E7AE80D64BE}"
	ProjectSection(ProjectDependencies) = postProject
	EndProjectSection
EndProject
Global
	GlobalSection(SolutionConfigurationPlatforms) = preSolution
		Debug|Win32 = Debug|Win32
		Release|Win32 = Release|Win32
		MinSizeRel|Win32 = MinSizeRel|Win32
		RelWithDebInfo|Win32 = RelWithDebInfo|Win32
	EndGlobalSection
	GlobalSection(ProjectConfigurationPlatforms) = postSolution
		{C1DAF51F-E1F3-3EDD-BD3B-33A911B6A76E}.Debug|Win32.ActiveCfg = Debug|Win32
		{C1DAF51F-E1F3-3EDD-BD3B-33A911B6A76E}.Debug|Win32.Build.0 = Debug|Win32
		{C1DAF51F-E1F3-3EDD-BD3B-33A911B6A76E}.Release|Win32.ActiveCfg = Release|Win32
		{C1DAF51F-E1F3-3EDD-BD3B-33A911B6A76E}.Release|Win32.Build.0 = Release|Win32
		{C1DAF51F-E1F3-3EDD-BD3B-33A911B6A76E}.MinSizeRel|Win32.ActiveCfg = MinSizeRel|Win32
		{C1DAF51F-E1F3-3EDD-BD3B-33A911B6A76E}.MinSizeRel|Win32.Build.0 = MinSizeRel|Win32
		{C1DAF51F-E1F3-3EDD-BD3B-33A911B6A76E}.RelWithDebInfo|Win32.ActiveCfg = RelWithDebInfo|Win32
		{C1DAF51F-E1F3-3EDD-BD3B-33A911B6A76E}.RelWithDebInfo|Win32.Build.0 = RelWithDebInfo|Win32
		{356793CB-5C77-383D-BF97-773DB9E9AA61}.Debug|Win32.ActiveCfg = Debug|Win32
		{356793CB-5C77-383D-BF97-773DB9E9AA61}.Release|Win32.ActiveCfg = Release|Win32
		{356793CB-5C77-383D-BF97-773DB9E9AA61}.MinSizeRel|Win32.ActiveCfg = MinSizeRel|Win32
		{356793CB-5C77-383D-BF97-773DB9E9AA61}.RelWithDebInfo|Win32.ActiveCfg = RelWithDebInfo|Win32
		{6134A1B6-D126-326D-82E2-2E7AE80D64BE}.Debug|Win32.ActiveCfg = Debug|Win32
		{6134A1B6-D126-326D-82E2-2E7AE80D64BE}.Debug|Win32.Build.0 = Debug|Win32
		{6134A1B6-D126-326D-82E2-2E7AE80D64BE}.Release|Win32.ActiveCfg = Release|Win32
		{6134A1B6-D126-326D-82E2-2E7AE80D64BE}.Release|Win32.Build.0 = Release|Win32
		{6134A1B6-D126-326D-82E2-2E7AE80D64BE}.MinSizeRel|Win32.ActiveCfg = MinSizeRel|Win32
		{6134A1B6-D126-326D-82E2-2E7AE80D64BE}.MinSizeRel|Win32.Build.0 = MinSizeRel|Win32
		{6134A1B6-D126-326D-82E2-2E7AE80D64BE}.RelWithDebInfo|Win32.ActiveCfg = RelWithDebInfo|Win32
		{6134A1B6-D126-326D-82E2-2E7AE80D64BE}.RelWithDebInfo|Win32.Build.0 = RelWithDebInfo|Win32
	EndGlobalSection
	GlobalSection(NestedProjects) = preSolution
		{356793CB-5C77-383D-BF97-773DB9E9AA61} = {A1A93615-8280-3156-B4DE-2D8F0C245194}
		{6134A1B6-D126-326D-82E2-2E7AE80D64BE} = {A1A93615-8280-3156-B4DE-2D8F0C245194}
	EndGlobalSection
	GlobalSection(ExtensibilityGlobals) = postSolution
		SolutionGuid = {47BAE56F-E650-30DA-A59F-3F5ADD122C9F}
	EndGlobalSection
	GlobalSection(ExtensibilityAddIns) = postSolution
	EndGlobalSection
EndGlobal
