<?xml version="1.0" encoding="utf-8"?>
<Project ToolsVersion="17.0" xmlns="http://schemas.microsoft.com/developer/msbuild/2003">
  <ItemGroup>
    <ClCompile Include="C:\Users\Pestana\Desktop\Computacao Grafica\Preparation for practical classes\code\main.cpp">
      <Filter>Source Files</Filter>
    </ClCompile>
  </ItemGroup>
  <ItemGroup>
    <CustomBuild Include="C:\Users\Pestana\Desktop\Computacao Grafica\Preparation for practical classes\code\CMakeLists.txt" />
  </ItemGroup>
  <ItemGroup>
    <Filter Include="Source Files">
      <UniqueIdentifier>{F9621352-B373-3041-84D1-262F7E857644}</UniqueIdentifier>
    </Filter>
  </ItemGroup>
</Project>
